{
    "version": "0.5",
    "requires": [
        "zlib/1.2.13#e377bee636333ae348d51ca90874e353%1682597484.674",
        "re2/20230301#79c185a83ffb324e8b0b1d60dee22d41%1685808399.351",
        "range-v3/0.12.0#abb9932b80d96eaf8fc992debe3870ed%1670446850.439",
        "protobuf/3.21.9#515ceb0a1653cf84363d9968b812d6be%1678364058.993",
        "openssl/3.1.1#3a25e05b364f335633143656dc265841%1685464563.35",
        "libpqxx/7.7.5#4d15523004fef72359ab04775f0ee728%1680127967.179",
        "libpq/14.5#c42ba3a37dc1d8b18c61c91feddfd4c6%1678181415.501",
        "libbacktrace/cci.20210118#ec1aa63bbc10145c6a299e68e711670c%1676205469.545",
        "grpc/1.50.1#01c169a35963fcf8fca63a6f67a7e592%1686499562.107",
        "fmt/10.0.0#dd5e3eb81b512a1bb34a5aab88a07e82%1684225718.04",
        "c-ares/1.19.0#3d781213ee5d4736b3e5a0a040c22a92%1676157712.611",
        "bzip2/1.0.8#411fc05e80d47a89045edc1ee6f23c1d%1678293522.814",
        "boost/1.81.0#9bd7ae86a881631b6cc76590621e470b%1682803250.326",
        "asio-grpc/2.4.0#728858068b45cbedc0822f6219f7dbb2%1672411484.501",
        "abseil/20220623.0#e182627de3e5bda7220302d5f69a37cd%1682001986.626"
    ],
    "build_requires": [
        "cmake/3.22.6#32cced101c6df0fab43e8d00bd2483eb%1678699428.472",
        "b2/4.9.6#2e02945ad41739b8051247d14fe8297d%1679927934.674"
    ],
    "python_requires": []
}